
Microsoft Visual Studio Solution File, Format Version 12.00
# Visual Studio Version 16
VisualStudioVersion = 16.0.32929.386
MinimumVisualStudioVersion = 10.0.40219.1
Project("{FAE04EC0-301F-11D3-BF4B-00C04F79EFBC}") = "Digit Sum", "Digit Sum\Digit Sum.csproj", "{815DA924-590D-4A54-A167-31C31B5B2BBC}"
EndProject
Global
	GlobalSection(SolutionConfigurationPlatforms) = preSolution
		Debug|Any CPU = Debug|Any CPU
		Release|Any CPU = Release|Any CPU
	EndGlobalSection
	GlobalSection(ProjectConfigurationPlatforms) = postSolution
		{815DA924-590D-4A54-A167-31C31B5B2BBC}.Debug|Any CPU.ActiveCfg = Debug|Any CPU
		{815DA924-590D-4A54-A167-31C31B5B2BBC}.Debug|Any CPU.Build.0 = Debug|Any CPU
		{815DA924-590D-4A54-A167-31C31B5B2BBC}.Release|Any CPU.ActiveCfg = Release|Any CPU
		{815DA924-590D-4A54-A167-31C31B5B2BBC}.Release|Any CPU.Build.0 = Release|Any CPU
	EndGlobalSection
	GlobalSection(SolutionProperties) = preSolution
		HideSolutionNode = FALSE
	EndGlobalSection
	GlobalSection(ExtensibilityGlobals) = postSolution
		SolutionGuid = {64DF7EB0-BE3F-47FC-A59A-B7D10C0714DF}
	EndGlobalSection
EndGlobal
