
Microsoft Visual Studio Solution File, Format Version 12.00
# Visual Studio Version 16
VisualStudioVersion = 16.0.32929.386
MinimumVisualStudioVersion = 10.0.40219.1
Project("{FAE04EC0-301F-11D3-BF4B-00C04F79EFBC}") = "PrimeNthPosition", "PrimeNthPosition\PrimeNthPosition.csproj", "{5C83EDEB-AC04-4D06-B078-5676C7094F9C}"
EndProject
Global
	GlobalSection(SolutionConfigurationPlatforms) = preSolution
		Debug|Any CPU = Debug|Any CPU
		Release|Any CPU = Release|Any CPU
	EndGlobalSection
	GlobalSection(ProjectConfigurationPlatforms) = postSolution
		{5C83EDEB-AC04-4D06-B078-5676C7094F9C}.Debug|Any CPU.ActiveCfg = Debug|Any CPU
		{5C83EDEB-AC04-4D06-B078-5676C7094F9C}.Debug|Any CPU.Build.0 = Debug|Any CPU
		{5C83EDEB-AC04-4D06-B078-5676C7094F9C}.Release|Any CPU.ActiveCfg = Release|Any CPU
		{5C83EDEB-AC04-4D06-B078-5676C7094F9C}.Release|Any CPU.Build.0 = Release|Any CPU
	EndGlobalSection
	GlobalSection(SolutionProperties) = preSolution
		HideSolutionNode = FALSE
	EndGlobalSection
	GlobalSection(ExtensibilityGlobals) = postSolution
		SolutionGuid = {FE3DACE7-00C8-443A-9530-CD4DF5363221}
	EndGlobalSection
EndGlobal
