
Microsoft Visual Studio Solution File, Format Version 12.00
# Visual Studio Version 16
VisualStudioVersion = 16.0.32929.386
MinimumVisualStudioVersion = 10.0.40219.1
Project("{FAE04EC0-301F-11D3-BF4B-00C04F79EFBC}") = "Server Side", "Server Side\Server Side.csproj", "{717CE7EB-6366-439F-B0C4-E1CC072EA77A}"
EndProject
Global
	GlobalSection(SolutionConfigurationPlatforms) = preSolution
		Debug|Any CPU = Debug|Any CPU
		Release|Any CPU = Release|Any CPU
	EndGlobalSection
	GlobalSection(ProjectConfigurationPlatforms) = postSolution
		{717CE7EB-6366-439F-B0C4-E1CC072EA77A}.Debug|Any CPU.ActiveCfg = Debug|Any CPU
		{717CE7EB-6366-439F-B0C4-E1CC072EA77A}.Debug|Any CPU.Build.0 = Debug|Any CPU
		{717CE7EB-6366-439F-B0C4-E1CC072EA77A}.Release|Any CPU.ActiveCfg = Release|Any CPU
		{717CE7EB-6366-439F-B0C4-E1CC072EA77A}.Release|Any CPU.Build.0 = Release|Any CPU
	EndGlobalSection
	GlobalSection(SolutionProperties) = preSolution
		HideSolutionNode = FALSE
	EndGlobalSection
	GlobalSection(ExtensibilityGlobals) = postSolution
		SolutionGuid = {9934DB5A-0BB9-4DA1-8AC3-864026081312}
	EndGlobalSection
EndGlobal
