
Microsoft Visual Studio Solution File, Format Version 12.00
# Visual Studio Version 16
VisualStudioVersion = 16.0.32929.386
MinimumVisualStudioVersion = 10.0.40219.1
Project("{FAE04EC0-301F-11D3-BF4B-00C04F79EFBC}") = "N-Unit Testing", "N-Unit Testing\N-Unit Testing.csproj", "{34238374-9395-4539-8EEC-36767D31EA5C}"
EndProject
Global
	GlobalSection(SolutionConfigurationPlatforms) = preSolution
		Debug|Any CPU = Debug|Any CPU
		Release|Any CPU = Release|Any CPU
	EndGlobalSection
	GlobalSection(ProjectConfigurationPlatforms) = postSolution
		{34238374-9395-4539-8EEC-36767D31EA5C}.Debug|Any CPU.ActiveCfg = Debug|Any CPU
		{34238374-9395-4539-8EEC-36767D31EA5C}.Debug|Any CPU.Build.0 = Debug|Any CPU
		{34238374-9395-4539-8EEC-36767D31EA5C}.Release|Any CPU.ActiveCfg = Release|Any CPU
		{34238374-9395-4539-8EEC-36767D31EA5C}.Release|Any CPU.Build.0 = Release|Any CPU
	EndGlobalSection
	GlobalSection(SolutionProperties) = preSolution
		HideSolutionNode = FALSE
	EndGlobalSection
	GlobalSection(ExtensibilityGlobals) = postSolution
		SolutionGuid = {7C90A2E8-1683-40EF-803D-22BA079B19B5}
	EndGlobalSection
EndGlobal
