
Microsoft Visual Studio Solution File, Format Version 12.00
# Visual Studio Version 16
VisualStudioVersion = 16.0.32929.386
MinimumVisualStudioVersion = 10.0.40219.1
Project("{FAE04EC0-301F-11D3-BF4B-00C04F79EFBC}") = "Star Diamond", "Star Diamond\Star Diamond.csproj", "{200DD00E-F21C-45E4-BEA7-A51514089625}"
EndProject
Global
	GlobalSection(SolutionConfigurationPlatforms) = preSolution
		Debug|Any CPU = Debug|Any CPU
		Release|Any CPU = Release|Any CPU
	EndGlobalSection
	GlobalSection(ProjectConfigurationPlatforms) = postSolution
		{200DD00E-F21C-45E4-BEA7-A51514089625}.Debug|Any CPU.ActiveCfg = Debug|Any CPU
		{200DD00E-F21C-45E4-BEA7-A51514089625}.Debug|Any CPU.Build.0 = Debug|Any CPU
		{200DD00E-F21C-45E4-BEA7-A51514089625}.Release|Any CPU.ActiveCfg = Release|Any CPU
		{200DD00E-F21C-45E4-BEA7-A51514089625}.Release|Any CPU.Build.0 = Release|Any CPU
	EndGlobalSection
	GlobalSection(SolutionProperties) = preSolution
		HideSolutionNode = FALSE
	EndGlobalSection
	GlobalSection(ExtensibilityGlobals) = postSolution
		SolutionGuid = {1E672859-D9BA-4A97-94E5-C8E7FF9AD4F4}
	EndGlobalSection
EndGlobal
